
Microsoft Visual Studio Solution File, Format Version 12.00
# Visual Studio 15
VisualStudioVersion = 15.0.28307.572
MinimumVisualStudioVersion = 10.0.40219.1
Project("{FAE04EC0-301F-11D3-BF4B-00C04F79EFBC}") = "cliente.Android", "cliente\cliente.Android\cliente.Android.csproj", "{17262104-D874-44E8-AA3C-A2F349817B56}"
EndProject
Project("{FAE04EC0-301F-11D3-BF4B-00C04F79EFBC}") = "cliente", "cliente\cliente\cliente.csproj", "{8DF37E96-5AC9-4483-941B-AE97772EC45D}"
EndProject
Global
	GlobalSection(SolutionConfigurationPlatforms) = preSolution
		Debug|Any CPU = Debug|Any CPU
		Release|Any CPU = Release|Any CPU
	EndGlobalSection
	GlobalSection(ProjectConfigurationPlatforms) = postSolution
		{17262104-D874-44E8-AA3C-A2F349817B56}.Debug|Any CPU.ActiveCfg = Debug|Any CPU
		{17262104-D874-44E8-AA3C-A2F349817B56}.Debug|Any CPU.Build.0 = Debug|Any CPU
		{17262104-D874-44E8-AA3C-A2F349817B56}.Debug|Any CPU.Deploy.0 = Debug|Any CPU
		{17262104-D874-44E8-AA3C-A2F349817B56}.Release|Any CPU.ActiveCfg = Release|Any CPU
		{17262104-D874-44E8-AA3C-A2F349817B56}.Release|Any CPU.Build.0 = Release|Any CPU
		{17262104-D874-44E8-AA3C-A2F349817B56}.Release|Any CPU.Deploy.0 = Release|Any CPU
		{8DF37E96-5AC9-4483-941B-AE97772EC45D}.Debug|Any CPU.ActiveCfg = Debug|Any CPU
		{8DF37E96-5AC9-4483-941B-AE97772EC45D}.Debug|Any CPU.Build.0 = Debug|Any CPU
		{8DF37E96-5AC9-4483-941B-AE97772EC45D}.Debug|Any CPU.Deploy.0 = Debug|Any CPU
		{8DF37E96-5AC9-4483-941B-AE97772EC45D}.Release|Any CPU.ActiveCfg = Release|Any CPU
		{8DF37E96-5AC9-4483-941B-AE97772EC45D}.Release|Any CPU.Build.0 = Release|Any CPU
		{8DF37E96-5AC9-4483-941B-AE97772EC45D}.Release|Any CPU.Deploy.0 = Release|Any CPU
	EndGlobalSection
	GlobalSection(SolutionProperties) = preSolution
		HideSolutionNode = FALSE
	EndGlobalSection
	GlobalSection(ExtensibilityGlobals) = postSolution
		SolutionGuid = {6EF66F3C-B820-4516-89B9-1C92CDC91B48}
	EndGlobalSection
EndGlobal
